{
    "_meta": {
        "hash": {
            "sha256": "a6c415eff9ff19c3350708dde46b77aec7e6430ebc4b53e3171f760a9002c842"
        },
        "pipfile-spec": 6,
        "requires": {
            "python_version": "3.9"
        },
        "sources": [
            {
                "name": "pypi",
                "url": "https://pypi.org/simple",
                "verify_ssl": true
            }
        ]
    },
    "default": {
        "asgiref": {
            "hashes": [
                "sha256:4ef1ab46b484e3c706329cedeff284a5d40824200638503f5768edb6de7d58e9",
                "sha256:ffc141aa908e6f175673e7b1b3b7af4fdb0ecb738fc5c8b88f69f055c2415214"
            ],
            "markers": "python_version >= '3.6'",
            "version": "==3.4.1"
        },
        "certifi": {
            "hashes": [
                "sha256:2bbf76fd432960138b3ef6dda3dde0544f27cbf8546c458e60baf371917ba9ee",
                "sha256:50b1e4f8446b06f41be7dd6338db18e0990601dce795c2b1686458aa7e8fa7d8"
            ],
            "version": "==2021.5.30"
        },
        "chardet": {
            "hashes": [
                "sha256:0d6f53a15db4120f2b08c94f11e7d93d2c911ee118b6b30a04ec3ee8310179fa",
                "sha256:f864054d66fd9118f2e67044ac8981a54775ec5b67aed0441892edb553d21da5"
            ],
            "markers": "python_version >= '2.7' and python_version not in '3.0, 3.1, 3.2, 3.3, 3.4'",
            "version": "==4.0.0"
        },
        "cython": {
            "hashes": [
                "sha256:0c4b9f7e3aa004cf3f364e3e772f55fec5740485bafea99d1f13bdc9bbd8a545",
                "sha256:20402ef316393168909926ab21848aa6e08e39bed5003b657139774e66166cd0",
                "sha256:20cb50d9fede8029bdb50875458f07a27f909289aeed4cdb9c19544dd9a9bc45",
                "sha256:2365f3b5e6451b6bc6dcd262230656f4ade1d862ec2f6c22154deebef37c08b6",
                "sha256:266459c7e48fe3c6c492b297e4033e42d4c6863cc1a1ff7cc4034949fc574fa6",
                "sha256:282263628c5d601b313d5920f7b6d7e08c7fedbddacd080c4858aa04d86b6b4b",
                "sha256:2a3bbce689a2fddb85aa66712d93875c99bf7f64ac82b1d149ecce522a7a4e0c",
                "sha256:2af52d312e96b38ded38b34d06e22685c226b1b0e58278bd27209f5d2385d115",
                "sha256:355a6e768d91e21fbf477b61881bab64b7a2da386a166898997bccefd532cf5d",
                "sha256:37ff66039e3d138ec968ee1d1e12441fa5fb4e6a9c5458bc3c3a232f01be4a7d",
                "sha256:3b29224eb62309a10819d923dc6262f769e4f3facfee3cd06372c355e5b38b33",
                "sha256:3ef530f975e3a760e7282fce2a25f900fa63f96d17321b4aa5f5542eb9859cdf",
                "sha256:41cd0dd2ff5d78466e73409db509887a84449b400074d4f217980cedbb18e4be",
                "sha256:474c1a29ab43e29d990df279e2cf6aa96baa9208f5cd4bc76ac87ffcdf1e2945",
                "sha256:4858043ac5f96a8f0277cf63760bb39b9521c1f897678cf1d22423f3e758f4ed",
                "sha256:4b0bcf2e06a9063fc78c3243ed4003228375d532ef13b9e5d7183be8f0a52cf5",
                "sha256:4b6824b58d4373224fc76ee8bee6b35c2d17c91a1ed0fa67b88440f63daebe50",
                "sha256:4d7c3b0882d8757c601eaf288fc0d321d5c7ac6c3afb8c42eddf9325a3419cf5",
                "sha256:519fccf526d26b377e1db22f22aa44889b28bc5833ec106588cb13557e8ba2da",
                "sha256:58dc06871bfdb0592542d779714fe9f918e11ba20ac07757dd63b198bdc704fe",
                "sha256:5a6792153b728a0240e55bbb5b643f4f7e45c76319e03abf15bf367471ea1d1a",
                "sha256:5be3ae3189cf7d0e9bbeafb854496dc7030c6f6a5602d809435fab8223543a41",
                "sha256:625a16103770fd92b487b701fb0c07e5790b080f40fa11ce572a2d56d9e9fcca",
                "sha256:6a0d31452f0245daacb14c979c77e093eb1a546c760816b5eed0047686baad8e",
                "sha256:794e3df0b57e16bce7583ac909126f4cb381fe566adadb20484d89095855eedb",
                "sha256:7b7a766726d207d7cd57aff0fcb4b35ce042d3cc88a421fcdb45eeb61a5b9d12",
                "sha256:7d6a33c8a11f05f698e215bfdb837f32c27f63c20f3af863557ed91c748dc2be",
                "sha256:a8eed9c82e8fe07b8a8ffbd36018871a17458903fc25c9d015f37b54513a3efd",
                "sha256:aa3bb0928fb2aa3a8828801eb8b29af2261c199f805ae835467489e2bdd00372",
                "sha256:b0699f0dc90181f2458fdb8170455e7798a309e18f41379eda7a2dc8c7aadee0",
                "sha256:c4b82461edbbcf90f19b319006345b77474a2d7514e1476d49a14bbd55d6b797",
                "sha256:ceccc03b633113ede1f14ad914a6db5c278ce108c8ddb308a5c01c1567d8a02a",
                "sha256:ef21c51350462160456eb71df31b0869e5141e940f22c61c358bdb6e3ebc3388",
                "sha256:f4aca6bffb1c1c3c4ada3347d0b162a699c18a66e097ee08b63b3a35118fdfcc",
                "sha256:ff885f18d169759b57f116d3956e45cd2b9cba989fde348bba091544c668dc11"
            ],
            "markers": "python_version >= '2.6' and python_version not in '3.0, 3.1, 3.2, 3.3'",
            "version": "==0.29.23"
        },
        "django": {
            "hashes": [
                "sha256:3da05fea54fdec2315b54a563d5b59f3b4e2b1e69c3a5841dda35019c01855cd",
                "sha256:c58b5f19c5ae0afe6d75cbdd7df561e6eb929339985dbbda2565e1cabb19a62e"
            ],
            "index": "pypi",
            "version": "==3.2.5"
        },
        "django-filter": {
            "hashes": [
                "sha256:84e9d5bb93f237e451db814ed422a3a625751cbc9968b484ecc74964a8696b06",
                "sha256:e00d32cebdb3d54273c48f4f878f898dced8d5dfaad009438fe61ebdf535ace1"
            ],
            "index": "pypi",
            "version": "==2.4.0"
        },
        "djangorestframework": {
            "hashes": [
                "sha256:6d1d59f623a5ad0509fe0d6bfe93cbdfe17b8116ebc8eda86d45f6e16e819aaf",
                "sha256:f747949a8ddac876e879190df194b925c177cdeb725a099db1460872f7c0a7f2"
            ],
            "index": "pypi",
            "version": "==3.12.4"
        },
        "djangorestframework-simplejwt": {
            "hashes": [
                "sha256:1884177b14a9097a98821dca9e76d87d6345bd7a2124a96c249c7eed3677e87b",
                "sha256:2b53a093f74a60fd27c5be73f47c2e0b11e51af204b72a8b93769733a844e7bb"
            ],
            "index": "pypi",
            "version": "==4.7.2"
        },
        "idna": {
            "hashes": [
                "sha256:b307872f855b18632ce0c21c5e45be78c0ea7ae4c15c828c20788b26921eb3f6",
                "sha256:b97d804b1e9b523befed77c48dacec60e6dcb0b5391d57af6a65a312a90648c0"
            ],
            "markers": "python_version >= '2.7' and python_version not in '3.0, 3.1, 3.2, 3.3'",
            "version": "==2.10"
        },
        "lxml": {
            "hashes": [
                "sha256:079f3ae844f38982d156efce585bc540c16a926d4436712cf4baee0cce487a3d",
                "sha256:0fbcf5565ac01dff87cbfc0ff323515c823081c5777a9fc7703ff58388c258c3",
                "sha256:122fba10466c7bd4178b07dba427aa516286b846b2cbd6f6169141917283aae2",
                "sha256:1b38116b6e628118dea5b2186ee6820ab138dbb1e24a13e478490c7db2f326ae",
                "sha256:1b7584d421d254ab86d4f0b13ec662a9014397678a7c4265a02a6d7c2b18a75f",
                "sha256:26e761ab5b07adf5f555ee82fb4bfc35bf93750499c6c7614bd64d12aaa67927",
                "sha256:289e9ca1a9287f08daaf796d96e06cb2bc2958891d7911ac7cae1c5f9e1e0ee3",
                "sha256:2a9d50e69aac3ebee695424f7dbd7b8c6d6eb7de2a2eb6b0f6c7db6aa41e02b7",
                "sha256:3082c518be8e97324390614dacd041bb1358c882d77108ca1957ba47738d9d59",
                "sha256:33bb934a044cf32157c12bfcfbb6649807da20aa92c062ef51903415c704704f",
                "sha256:3439c71103ef0e904ea0a1901611863e51f50b5cd5e8654a151740fde5e1cade",
                "sha256:36108c73739985979bf302006527cf8a20515ce444ba916281d1c43938b8bb96",
                "sha256:39b78571b3b30645ac77b95f7c69d1bffc4cf8c3b157c435a34da72e78c82468",
                "sha256:4289728b5e2000a4ad4ab8da6e1db2e093c63c08bdc0414799ee776a3f78da4b",
                "sha256:4bff24dfeea62f2e56f5bab929b4428ae6caba2d1eea0c2d6eb618e30a71e6d4",
                "sha256:4c61b3a0db43a1607d6264166b230438f85bfed02e8cff20c22e564d0faff354",
                "sha256:542d454665a3e277f76954418124d67516c5f88e51a900365ed54a9806122b83",
                "sha256:5a0a14e264069c03e46f926be0d8919f4105c1623d620e7ec0e612a2e9bf1c04",
                "sha256:5c8c163396cc0df3fd151b927e74f6e4acd67160d6c33304e805b84293351d16",
                "sha256:66e575c62792c3f9ca47cb8b6fab9e35bab91360c783d1606f758761810c9791",
                "sha256:6f12e1427285008fd32a6025e38e977d44d6382cf28e7201ed10d6c1698d2a9a",
                "sha256:74f7d8d439b18fa4c385f3f5dfd11144bb87c1da034a466c5b5577d23a1d9b51",
                "sha256:7610b8c31688f0b1be0ef882889817939490a36d0ee880ea562a4e1399c447a1",
                "sha256:76fa7b1362d19f8fbd3e75fe2fb7c79359b0af8747e6f7141c338f0bee2f871a",
                "sha256:7728e05c35412ba36d3e9795ae8995e3c86958179c9770e65558ec3fdfd3724f",
                "sha256:8157dadbb09a34a6bd95a50690595e1fa0af1a99445e2744110e3dca7831c4ee",
                "sha256:820628b7b3135403540202e60551e741f9b6d3304371712521be939470b454ec",
                "sha256:884ab9b29feaca361f7f88d811b1eea9bfca36cf3da27768d28ad45c3ee6f969",
                "sha256:89b8b22a5ff72d89d48d0e62abb14340d9e99fd637d046c27b8b257a01ffbe28",
                "sha256:92e821e43ad382332eade6812e298dc9701c75fe289f2a2d39c7960b43d1e92a",
                "sha256:b007cbb845b28db4fb8b6a5cdcbf65bacb16a8bd328b53cbc0698688a68e1caa",
                "sha256:bc4313cbeb0e7a416a488d72f9680fffffc645f8a838bd2193809881c67dd106",
                "sha256:bccbfc27563652de7dc9bdc595cb25e90b59c5f8e23e806ed0fd623755b6565d",
                "sha256:c47ff7e0a36d4efac9fd692cfa33fbd0636674c102e9e8d9b26e1b93a94e7617",
                "sha256:c4f05c5a7c49d2fb70223d0d5bcfbe474cf928310ac9fa6a7c6dddc831d0b1d4",
                "sha256:cdaf11d2bd275bf391b5308f86731e5194a21af45fbaaaf1d9e8147b9160ea92",
                "sha256:ce256aaa50f6cc9a649c51be3cd4ff142d67295bfc4f490c9134d0f9f6d58ef0",
                "sha256:d2e35d7bf1c1ac8c538f88d26b396e73dd81440d59c1ef8522e1ea77b345ede4",
                "sha256:d916d31fd85b2f78c76400d625076d9124de3e4bda8b016d25a050cc7d603f24",
                "sha256:df7c53783a46febb0e70f6b05df2ba104610f2fb0d27023409734a3ecbb78fb2",
                "sha256:e1cbd3f19a61e27e011e02f9600837b921ac661f0c40560eefb366e4e4fb275e",
                "sha256:efac139c3f0bf4f0939f9375af4b02c5ad83a622de52d6dfa8e438e8e01d0eb0",
                "sha256:efd7a09678fd8b53117f6bae4fa3825e0a22b03ef0a932e070c0bdbb3a35e654",
                "sha256:f2380a6376dfa090227b663f9678150ef27543483055cc327555fb592c5967e2",
                "sha256:f8380c03e45cf09f8557bdaa41e1fa7c81f3ae22828e1db470ab2a6c96d8bc23",
                "sha256:f90ba11136bfdd25cae3951af8da2e95121c9b9b93727b1b896e3fa105b2f586"
            ],
            "markers": "python_version >= '2.7' and python_version not in '3.0, 3.1, 3.2, 3.3, 3.4'",
            "version": "==4.6.3"
        },
        "markdown": {
            "hashes": [
                "sha256:31b5b491868dcc87d6c24b7e3d19a0d730d59d3e46f4eea6430a321bed387a49",
                "sha256:96c3ba1261de2f7547b46a00ea8463832c921d3f9d6aba3f255a6f71386db20c"
            ],
            "index": "pypi",
            "version": "==3.3.4"
        },
        "multitasking": {
            "hashes": [
                "sha256:b59d99f709d2e17d60ccaa2be09771b6e9ed9391c63f083c0701e724f624d2e0"
            ],
            "version": "==0.0.9"
        },
        "numpy": {
            "hashes": [
                "sha256:1a784e8ff7ea2a32e393cc53eb0003eca1597c7ca628227e34ce34eb11645a0e",
                "sha256:2ba579dde0563f47021dcd652253103d6fd66165b18011dce1a0609215b2791e",
                "sha256:3537b967b350ad17633b35c2f4b1a1bbd258c018910b518c30b48c8e41272717",
                "sha256:3c40e6b860220ed862e8097b8f81c9af6d7405b723f4a7af24a267b46f90e461",
                "sha256:598fe100b2948465cf3ed64b1a326424b5e4be2670552066e17dfaa67246011d",
                "sha256:620732f42259eb2c4642761bd324462a01cdd13dd111740ce3d344992dd8492f",
                "sha256:709884863def34d72b183d074d8ba5cfe042bc3ff8898f1ffad0209161caaa99",
                "sha256:75579acbadbf74e3afd1153da6177f846212ea2a0cc77de53523ae02c9256513",
                "sha256:7c55407f739f0bfcec67d0df49103f9333edc870061358ac8a8c9e37ea02fcd2",
                "sha256:a1f2fb2da242568af0271455b89aee0f71e4e032086ee2b4c5098945d0e11cf6",
                "sha256:a290989cd671cd0605e9c91a70e6df660f73ae87484218e8285c6522d29f6e38",
                "sha256:ac4fd578322842dbda8d968e3962e9f22e862b6ec6e3378e7415625915e2da4d",
                "sha256:ad09f55cc95ed8d80d8ab2052f78cc21cb231764de73e229140d81ff49d8145e",
                "sha256:b9205711e5440954f861ceeea8f1b415d7dd15214add2e878b4d1cf2bcb1a914",
                "sha256:bba474a87496d96e61461f7306fba2ebba127bed7836212c360f144d1e72ac54",
                "sha256:bebab3eaf0641bba26039fb0b2c5bf9b99407924b53b1ea86e03c32c64ef5aef",
                "sha256:cc367c86eb87e5b7c9592935620f22d13b090c609f1b27e49600cd033b529f54",
                "sha256:ccc6c650f8700ce1e3a77668bb7c43e45c20ac06ae00d22bdf6760b38958c883",
                "sha256:cf680682ad0a3bef56dae200dbcbac2d57294a73e5b0f9864955e7dd7c2c2491",
                "sha256:d2910d0a075caed95de1a605df00ee03b599de5419d0b95d55342e9a33ad1fb3",
                "sha256:d5caa946a9f55511e76446e170bdad1d12d6b54e17a2afe7b189112ed4412bb8",
                "sha256:d89b0dc7f005090e32bb4f9bf796e1dcca6b52243caf1803fdd2b748d8561f63",
                "sha256:d95d16204cd51ff1a1c8d5f9958ce90ae190be81d348b514f9be39f878b8044a",
                "sha256:e4d5a86a5257843a18fb1220c5f1c199532bc5d24e849ed4b0289fb59fbd4d8f",
                "sha256:e58ddb53a7b4959932f5582ac455ff90dcb05fac3f8dcc8079498d43afbbde6c",
                "sha256:e80fe25cba41c124d04c662f33f6364909b985f2eb5998aaa5ae4b9587242cce",
                "sha256:eda2829af498946c59d8585a9fd74da3f810866e05f8df03a86f70079c7531dd",
                "sha256:fd0a359c1c17f00cb37de2969984a74320970e0ceef4808c32e00773b06649d9"
            ],
            "markers": "python_version >= '3.7'",
            "version": "==1.21.0"
        },
        "pandas": {
            "hashes": [
                "sha256:08eeff3da6a188e24db7f292b39a8ca9e073bf841fbbeadb946b3ad5c19d843e",
                "sha256:1ff13eed501e07e7fb26a4ea18a846b6e5d7de549b497025601fd9ccb7c1d123",
                "sha256:522bfea92f3ef6207cadc7428bda1e7605dae0383b8065030e7b5d0266717b48",
                "sha256:7897326cae660eee69d501cbfa950281a193fcf407393965e1bc07448e1cc35a",
                "sha256:798675317d0e4863a92a9a6bc5bd2490b5f6fef8c17b95f29e2e33f28bef9eca",
                "sha256:7d3cd2c99faa94d717ca00ea489264a291ad7209453dffbf059bfb7971fd3a61",
                "sha256:823737830364d0e2af8c3912a28ba971296181a07950873492ed94e12d28c405",
                "sha256:872aa91e0f9ca913046ab639d4181a899f5e592030d954d28c2529b88756a736",
                "sha256:88864c1e28353b958b1f30e4193818519624ad9a1776921622a6a2a016d5d807",
                "sha256:92835113a67cbd34747c198d41f09f4b63f6fe11ca5643baebc7ab1e30e89e95",
                "sha256:98efc2d4983d5bb47662fe2d97b2c81b91566cb08b266490918b9c7d74a5ef64",
                "sha256:b10d7910ae9d7920a5ff7816d794d99acbc361f7b16a0f017d4fa83ced8cb55e",
                "sha256:c554e6c9cf2d5ea1aba5979cc837b3649539ced0e18ece186f055450c86622e2",
                "sha256:c746876cdd8380be0c3e70966d4566855901ac9aaa5e4b9ccaa5ca5311457d11",
                "sha256:c81b8d91e9ae861eb4406b4e0f8d4dabbc105b9c479b3d1e921fba1d35b5b62a",
                "sha256:e6b75091fa54a53db3927b4d1bc997c23c5ba6f87acdfe1ee5a92c38c6b2ed6a",
                "sha256:ed4fc66f23fe17c93a5d439230ca2d6b5f8eac7154198d327dbe8a16d98f3f10",
                "sha256:f058c786e7b0a9e7fa5e0b9f4422e0ccdd3bf3aa3053c18d77ed2a459bd9a45a",
                "sha256:fe7a549d10ca534797095586883a5c17d140d606747591258869c56e14d1b457"
            ],
            "markers": "python_full_version >= '3.7.1'",
            "version": "==1.3.0"
        },
        "pillow": {
            "hashes": [
                "sha256:0b2efa07f69dc395d95bb9ef3299f4ca29bcb2157dc615bae0b42c3c20668ffc",
                "sha256:114f816e4f73f9ec06997b2fde81a92cbf0777c9e8f462005550eed6bae57e63",
                "sha256:147bd9e71fb9dcf08357b4d530b5167941e222a6fd21f869c7911bac40b9994d",
                "sha256:15a2808e269a1cf2131930183dcc0419bc77bb73eb54285dde2706ac9939fa8e",
                "sha256:196560dba4da7a72c5e7085fccc5938ab4075fd37fe8b5468869724109812edd",
                "sha256:1c03e24be975e2afe70dfc5da6f187eea0b49a68bb2b69db0f30a61b7031cee4",
                "sha256:1fd5066cd343b5db88c048d971994e56b296868766e461b82fa4e22498f34d77",
                "sha256:29c9569049d04aaacd690573a0398dbd8e0bf0255684fee512b413c2142ab723",
                "sha256:2b6dfa068a8b6137da34a4936f5a816aba0ecc967af2feeb32c4393ddd671cba",
                "sha256:2cac53839bfc5cece8fdbe7f084d5e3ee61e1303cccc86511d351adcb9e2c792",
                "sha256:2ee77c14a0299d0541d26f3d8500bb57e081233e3fa915fa35abd02c51fa7fae",
                "sha256:37730f6e68bdc6a3f02d2079c34c532330d206429f3cee651aab6b66839a9f0e",
                "sha256:3f08bd8d785204149b5b33e3b5f0ebbfe2190ea58d1a051c578e29e39bfd2367",
                "sha256:4bc3c7ef940eeb200ca65bd83005eb3aae8083d47e8fcbf5f0943baa50726856",
                "sha256:660a87085925c61a0dcc80efb967512ac34dbb256ff7dd2b9b4ee8dbdab58cf4",
                "sha256:67b3666b544b953a2777cb3f5a922e991be73ab32635666ee72e05876b8a92de",
                "sha256:70af7d222df0ff81a2da601fab42decb009dc721545ed78549cb96e3a1c5f0c8",
                "sha256:8960a8a9f4598974e4c2aeb1bff9bdd5db03ee65fd1fce8adf3223721aa2a636",
                "sha256:9364c81b252d8348e9cc0cb63e856b8f7c1b340caba6ee7a7a65c968312f7dab",
                "sha256:969cc558cca859cadf24f890fc009e1bce7d7d0386ba7c0478641a60199adf79",
                "sha256:9a211b663cf2314edbdb4cf897beeb5c9ee3810d1d53f0e423f06d6ebbf9cd5d",
                "sha256:a17ca41f45cf78c2216ebfab03add7cc350c305c38ff34ef4eef66b7d76c5229",
                "sha256:a2f381932dca2cf775811a008aa3027671ace723b7a38838045b1aee8669fdcf",
                "sha256:a4eef1ff2d62676deabf076f963eda4da34b51bc0517c70239fafed1d5b51500",
                "sha256:c088a000dfdd88c184cc7271bfac8c5b82d9efa8637cd2b68183771e3cf56f04",
                "sha256:c11003197f908878164f0e6da15fce22373ac3fc320cda8c9d16e6bba105b844",
                "sha256:c2a5ff58751670292b406b9f06e07ed1446a4b13ffced6b6cab75b857485cbc8",
                "sha256:c35d09db702f4185ba22bb33ef1751ad49c266534339a5cebeb5159d364f6f82",
                "sha256:c379425c2707078dfb6bfad2430728831d399dc95a7deeb92015eb4c92345eaf",
                "sha256:cc866706d56bd3a7dbf8bac8660c6f6462f2f2b8a49add2ba617bc0c54473d83",
                "sha256:d0da39795049a9afcaadec532e7b669b5ebbb2a9134576ebcc15dd5bdae33cc0",
                "sha256:f4ebde71785f8bceb39dcd1e7f06bcc5d5c3cf48b9f69ab52636309387b097c8",
                "sha256:fc214a6b75d2e0ea7745488da7da3c381f41790812988c7a92345978414fad37",
                "sha256:ff04c373477723430dce2e9d024c708a047d44cf17166bf16e604b379bf0ca14"
            ],
            "index": "pypi",
            "version": "==8.3.1"
        },
        "psycopg2-binary": {
            "hashes": [
                "sha256:0b7dae87f0b729922e06f85f667de7bf16455d411971b2043bbd9577af9d1975",
                "sha256:0f2e04bd2a2ab54fa44ee67fe2d002bb90cee1c0f1cc0ebc3148af7b02034cbd",
                "sha256:123c3fb684e9abfc47218d3784c7b4c47c8587951ea4dd5bc38b6636ac57f616",
                "sha256:1473c0215b0613dd938db54a653f68251a45a78b05f6fc21af4326f40e8360a2",
                "sha256:14db1752acdd2187d99cb2ca0a1a6dfe57fc65c3281e0f20e597aac8d2a5bd90",
                "sha256:1e3a362790edc0a365385b1ac4cc0acc429a0c0d662d829a50b6ce743ae61b5a",
                "sha256:1e85b74cbbb3056e3656f1cc4781294df03383127a8114cbc6531e8b8367bf1e",
                "sha256:20f1ab44d8c352074e2d7ca67dc00843067788791be373e67a0911998787ce7d",
                "sha256:2f62c207d1740b0bde5c4e949f857b044818f734a3d57f1d0d0edc65050532ed",
                "sha256:3242b9619de955ab44581a03a64bdd7d5e470cc4183e8fcadd85ab9d3756ce7a",
                "sha256:35c4310f8febe41f442d3c65066ca93cccefd75013df3d8c736c5b93ec288140",
                "sha256:4235f9d5ddcab0b8dbd723dca56ea2922b485ea00e1dafacf33b0c7e840b3d32",
                "sha256:5ced67f1e34e1a450cdb48eb53ca73b60aa0af21c46b9b35ac3e581cf9f00e31",
                "sha256:7360647ea04db2e7dff1648d1da825c8cf68dc5fbd80b8fb5b3ee9f068dcd21a",
                "sha256:8c13d72ed6af7fd2c8acbd95661cf9477f94e381fce0792c04981a8283b52917",
                "sha256:988b47ac70d204aed01589ed342303da7c4d84b56c2f4c4b8b00deda123372bf",
                "sha256:995fc41ebda5a7a663a254a1dcac52638c3e847f48307b5416ee373da15075d7",
                "sha256:a36c7eb6152ba5467fb264d73844877be8b0847874d4822b7cf2d3c0cb8cdcb0",
                "sha256:aed4a9a7e3221b3e252c39d0bf794c438dc5453bc2963e8befe9d4cd324dff72",
                "sha256:aef9aee84ec78af51107181d02fe8773b100b01c5dfde351184ad9223eab3698",
                "sha256:b0221ca5a9837e040ebf61f48899926b5783668b7807419e4adae8175a31f773",
                "sha256:b4d7679a08fea64573c969f6994a2631908bb2c0e69a7235648642f3d2e39a68",
                "sha256:c250a7ec489b652c892e4f0a5d122cc14c3780f9f643e1a326754aedf82d9a76",
                "sha256:ca86db5b561b894f9e5f115d6a159fff2a2570a652e07889d8a383b5fae66eb4",
                "sha256:cfc523edecddaef56f6740d7de1ce24a2fdf94fd5e704091856a201872e37f9f",
                "sha256:da113b70f6ec40e7d81b43d1b139b9db6a05727ab8be1ee559f3a69854a69d34",
                "sha256:f6fac64a38f6768e7bc7b035b9e10d8a538a9fadce06b983fb3e6fa55ac5f5ce",
                "sha256:f8559617b1fcf59a9aedba2c9838b5b6aa211ffedecabca412b92a1ff75aac1a",
                "sha256:fbb42a541b1093385a2d8c7eec94d26d30437d0e77c1d25dae1dcc46741a385e"
            ],
            "index": "pypi",
            "version": "==2.9.1"
        },
        "pyjwt": {
            "hashes": [
                "sha256:934d73fbba91b0483d3857d1aff50e96b2a892384ee2c17417ed3203f173fca1",
                "sha256:fba44e7898bbca160a2b2b501f492824fc8382485d3a6f11ba5d0c1937ce6130"
            ],
            "markers": "python_version >= '3.6'",
            "version": "==2.1.0"
        },
        "pystan": {
            "hashes": [
                "sha256:1127522641533a6ccb7684d4008d06c092cbe6f3ee7d44679a87937ee39093ab",
                "sha256:2b44502aaa8866e0bcc81df1537e7e08b74aaf4cc9d4bf43e7c8b168f3568ca6",
                "sha256:2baa4106ddc7fb90712bd0e5ab8693ce130b001c6166839247511326edc6d0ba",
                "sha256:3622520b2e55d2ce70a3027d9910b6197a8bc2ef59e01967be9c4e607a48a9c1",
                "sha256:43fdd98561f0cba0637f1fa343ed7d5adc885d04a655ab6302dbfd08f016105d",
                "sha256:4a0820df5fcd13c7a4cae75d59809adee72d1135a604dc2b5f068d4ac8ca349e",
                "sha256:5020ac3ca3a840f428f090fc5fe75412e2a7948ac7e3de59f4bbfd7a4539c0ef",
                "sha256:5b67008f5780c7cf0f3fbad5bc54bc9919efc9655d63e0314dc013e85c7a0f14",
                "sha256:61340356889547e29e2e6db7ef28f821b91e73fee80a888e81a794a24a249987",
                "sha256:6c4bbbb0a59144135d9821f2b9c308bfdf70aa61befdc7dc435f4c86bfb4457e",
                "sha256:837a62976b32e4fd2bd48fee3b419c651e19747280e440d5934bea3822b22115",
                "sha256:9d8c2ae05d1dca854a55b2ae9276af5866e473fb8264d03d5267abadb3c602da",
                "sha256:b2ef9031dfbd65757828e2441cb9a76c9217fb5bb93817fee2550722e7a785b3",
                "sha256:bc1193f52bc6c6419dd753bcb0b6958b24fe588dc3da3c7f70bd23dcbda6ec2a",
                "sha256:c87bd98db2b5c67fa08177de04c98b46d1fcd68ae53dbe55ffc5187868068002",
                "sha256:e6580cec2f5ed1bdb44eab83d54fe87b11e673ed65d6c2064d8d9f76265ce049",
                "sha256:e8e0924c318a0ea67260167a74f040078a4ce0d3fd4a7d566aa76f7752a85fab",
                "sha256:e9fbbf10dfc0ef8e7343ee4a3e17fd5c214fb12fc42615673e14908949b410e4",
                "sha256:f16c399da3d9d72e9661b131c23d51a59c789416598885714813fcb552234c83",
                "sha256:fa8bad8dbc0da22bbe6f36af56c9abbfcf10f92df8ce627d59a36bd8d25eb038"
            ],
            "index": "pypi",
            "version": "==2.19.1.1"
        },
        "python-dateutil": {
            "hashes": [
                "sha256:73ebfe9dbf22e832286dafa60473e4cd239f8592f699aa5adaf10050e6e1823c",
                "sha256:75bb3f31ea686f1197762692a9ee6a7550b59fc6ca3a1f4b5d7e32fb98e2da2a"
            ],
            "markers": "python_version >= '2.7' and python_version not in '3.0, 3.1, 3.2, 3.3'",
            "version": "==2.8.1"
        },
        "pytz": {
            "hashes": [
                "sha256:83a4a90894bf38e243cf052c8b58f381bfe9a7a483f6a9cab140bc7f702ac4da",
                "sha256:eb10ce3e7736052ed3623d49975ce333bcd712c7bb19a58b9e2089d4057d0798"
            ],
            "version": "==2021.1"
        },
        "requests": {
            "hashes": [
                "sha256:27973dd4a904a4f13b263a19c866c13b92a39ed1c964655f025f3f8d3d75b804",
                "sha256:c210084e36a42ae6b9219e00e48287def368a26d03a048ddad7bfee44f75871e"
            ],
            "markers": "python_version >= '2.7' and python_version not in '3.0, 3.1, 3.2, 3.3, 3.4'",
            "version": "==2.25.1"
        },
        "six": {
            "hashes": [
                "sha256:1e61c37477a1626458e36f7b1d82aa5c9b094fa4802892072e49de9c60c4c926",
                "sha256:8abb2f1d86890a2dfb989f9a77cfcfd3e47c2a354b01111771326f8aa26e0254"
            ],
            "markers": "python_version >= '2.7' and python_version not in '3.0, 3.1, 3.2, 3.3'",
            "version": "==1.16.0"
        },
        "sqlparse": {
            "hashes": [
                "sha256:017cde379adbd6a1f15a61873f43e8274179378e95ef3fede90b5aa64d304ed0",
                "sha256:0f91fd2e829c44362cbcfab3e9ae12e22badaa8a29ad5ff599f9ec109f0454e8"
            ],
            "markers": "python_version >= '3.5'",
            "version": "==0.4.1"
        },
        "urllib3": {
            "hashes": [
                "sha256:39fb8672126159acb139a7718dd10806104dec1e2f0f6c88aab05d17df10c8d4",
                "sha256:f57b4c16c62fa2760b7e3d97c35b255512fb6b59a259730f36ba32ce9f8e342f"
            ],
            "markers": "python_version >= '2.7' and python_version not in '3.0, 3.1, 3.2, 3.3, 3.4' and python_version < '4'",
            "version": "==1.26.6"
        },
        "yfinance": {
            "hashes": [
                "sha256:11364fe94f1cf7811c45fc620acb61c8c45fcb88de317c7718bbdbc9c1573a4c"
            ],
            "index": "pypi",
            "version": "==0.1.63"
        }
    },
    "develop": {}
}
